
Microsoft Visual Studio Solution File, Format Version 12.00
# Visual Studio Version 17
VisualStudioVersion = 17.6.33723.286
MinimumVisualStudioVersion = 10.0.40219.1
Project("{8BC9CEB8-8B4A-11D0-8D11-00A0C91BC942}") = "Citric_stuff", "Citric_stuff.vcxproj", "{EAC32ED5-323F-416E-A3C0-C3A3A72EE32C}"
EndProject
Global
	GlobalSection(SolutionConfigurationPlatforms) = preSolution
		Debug|x64 = Debug|x64
		Debug|x86 = Debug|x86
		Release|x64 = Release|x64
		Release|x86 = Release|x86
	EndGlobalSection
	GlobalSection(ProjectConfigurationPlatforms) = postSolution
		{EAC32ED5-323F-416E-A3C0-C3A3A72EE32C}.Debug|x64.ActiveCfg = Debug|x64
		{EAC32ED5-323F-416E-A3C0-C3A3A72EE32C}.Debug|x64.Build.0 = Debug|x64
		{EAC32ED5-323F-416E-A3C0-C3A3A72EE32C}.Debug|x86.ActiveCfg = Debug|Win32
		{EAC32ED5-323F-416E-A3C0-C3A3A72EE32C}.Debug|x86.Build.0 = Debug|Win32
		{EAC32ED5-323F-416E-A3C0-C3A3A72EE32C}.Release|x64.ActiveCfg = Release|x64
		{EAC32ED5-323F-416E-A3C0-C3A3A72EE32C}.Release|x64.Build.0 = Release|x64
		{EAC32ED5-323F-416E-A3C0-C3A3A72EE32C}.Release|x86.ActiveCfg = Release|Win32
		{EAC32ED5-323F-416E-A3C0-C3A3A72EE32C}.Release|x86.Build.0 = Release|Win32
	EndGlobalSection
	GlobalSection(SolutionProperties) = preSolution
		HideSolutionNode = FALSE
	EndGlobalSection
	GlobalSection(ExtensibilityGlobals) = postSolution
		SolutionGuid = {C319EA6C-BAB0-48EF-B872-E0E81BEF0D27}
	EndGlobalSection
EndGlobal
